
Microsoft Visual Studio Solution File, Format Version 12.00
# Visual Studio 15
VisualStudioVersion = 15.0.27703.2018
MinimumVisualStudioVersion = 10.0.40219.1
Project("{00D1A9C2-B5F0-4AF3-8072-F6C62B433612}") = "InterviewDemo.DB", "InterviewDemo.DB\InterviewDemo.DB.sqlproj", "{9F094E68-6127-409C-95D9-675FD50E5339}"
EndProject
Project("{FAE04EC0-301F-11D3-BF4B-00C04F79EFBC}") = "InterviewDemo.API", "InterviewDemo.API\InterviewDemo.API.csproj", "{012F7321-7FB3-4863-BB9D-D32C9F55DDF1}"
EndProject
Project("{FAE04EC0-301F-11D3-BF4B-00C04F79EFBC}") = "InterviewDemo.Core", "InterviewDemo.Core\InterviewDemo.Core.csproj", "{81055B26-731B-4AD4-8A13-C5548678A37C}"
EndProject
Project("{FAE04EC0-301F-11D3-BF4B-00C04F79EFBC}") = "InterviewDemo.DataAccess", "InterviewDemo.DataAccess\InterviewDemo.DataAccess.csproj", "{A401BB7A-169E-4CE8-8054-91C6D07557B9}"
EndProject
Project("{E53339B2-1760-4266-BCC7-CA923CBCF16C}") = "docker-compose", "docker-compose.dcproj", "{6815D604-35C1-4114-AEEA-A82D24DD2CDE}"
EndProject
Project("{2150E333-8FDC-42A3-9474-1A3956D46DE8}") = "mobile", "mobile", "{D742E33A-EBD3-4687-930A-32CCDAA90CF9}"
EndProject
Project("{FAE04EC0-301F-11D3-BF4B-00C04F79EFBC}") = "InterviewDemo.Mobile.Android", "InterviewDemo.Mobile\InterviewDemo.Mobile.Android\InterviewDemo.Mobile.Android.csproj", "{C962E5E3-D830-4DBF-8891-03692122E956}"
EndProject
Project("{FAE04EC0-301F-11D3-BF4B-00C04F79EFBC}") = "InterviewDemo.Mobile.iOS", "InterviewDemo.Mobile\InterviewDemo.Mobile.iOS\InterviewDemo.Mobile.iOS.csproj", "{948E2013-4A90-4D6F-B744-609BF4015397}"
EndProject
Project("{FAE04EC0-301F-11D3-BF4B-00C04F79EFBC}") = "InterviewDemo.Mobile", "InterviewDemo.Mobile\InterviewDemo.Mobile\InterviewDemo.Mobile.csproj", "{E66061B4-0914-496D-B5CE-34D13B317B2C}"
EndProject
Project("{FAE04EC0-301F-11D3-BF4B-00C04F79EFBC}") = "UnitTestProject1", "UnitTestProject1\UnitTestProject1.csproj", "{59B283EF-5946-48EA-80C2-DE432EDABA4E}"
EndProject
Global
	GlobalSection(SolutionConfigurationPlatforms) = preSolution
		Ad-Hoc|Any CPU = Ad-Hoc|Any CPU
		Ad-Hoc|iPhone = Ad-Hoc|iPhone
		Ad-Hoc|iPhoneSimulator = Ad-Hoc|iPhoneSimulator
		AppStore|Any CPU = AppStore|Any CPU
		AppStore|iPhone = AppStore|iPhone
		AppStore|iPhoneSimulator = AppStore|iPhoneSimulator
		Debug|Any CPU = Debug|Any CPU
		Debug|iPhone = Debug|iPhone
		Debug|iPhoneSimulator = Debug|iPhoneSimulator
		Release|Any CPU = Release|Any CPU
		Release|iPhone = Release|iPhone
		Release|iPhoneSimulator = Release|iPhoneSimulator
	EndGlobalSection
	GlobalSection(ProjectConfigurationPlatforms) = postSolution
		{9F094E68-6127-409C-95D9-675FD50E5339}.Ad-Hoc|Any CPU.ActiveCfg = Release|Any CPU
		{9F094E68-6127-409C-95D9-675FD50E5339}.Ad-Hoc|iPhone.ActiveCfg = Release|Any CPU
		{9F094E68-6127-409C-95D9-675FD50E5339}.Ad-Hoc|iPhoneSimulator.ActiveCfg = Release|Any CPU
		{9F094E68-6127-409C-95D9-675FD50E5339}.AppStore|Any CPU.ActiveCfg = Release|Any CPU
		{9F094E68-6127-409C-95D9-675FD50E5339}.AppStore|iPhone.ActiveCfg = Release|Any CPU
		{9F094E68-6127-409C-95D9-675FD50E5339}.AppStore|iPhoneSimulator.ActiveCfg = Release|Any CPU
		{9F094E68-6127-409C-95D9-675FD50E5339}.Debug|Any CPU.ActiveCfg = Debug|Any CPU
		{9F094E68-6127-409C-95D9-675FD50E5339}.Debug|iPhone.ActiveCfg = Debug|Any CPU
		{9F094E68-6127-409C-95D9-675FD50E5339}.Debug|iPhoneSimulator.ActiveCfg = Debug|Any CPU
		{9F094E68-6127-409C-95D9-675FD50E5339}.Release|Any CPU.ActiveCfg = Release|Any CPU
		{9F094E68-6127-409C-95D9-675FD50E5339}.Release|iPhone.ActiveCfg = Release|Any CPU
		{9F094E68-6127-409C-95D9-675FD50E5339}.Release|iPhoneSimulator.ActiveCfg = Release|Any CPU
		{012F7321-7FB3-4863-BB9D-D32C9F55DDF1}.Ad-Hoc|Any CPU.ActiveCfg = Debug|Any CPU
		{012F7321-7FB3-4863-BB9D-D32C9F55DDF1}.Ad-Hoc|Any CPU.Build.0 = Debug|Any CPU
		{012F7321-7FB3-4863-BB9D-D32C9F55DDF1}.Ad-Hoc|iPhone.ActiveCfg = Debug|Any CPU
		{012F7321-7FB3-4863-BB9D-D32C9F55DDF1}.Ad-Hoc|iPhone.Build.0 = Debug|Any CPU
		{012F7321-7FB3-4863-BB9D-D32C9F55DDF1}.Ad-Hoc|iPhoneSimulator.ActiveCfg = Debug|Any CPU
		{012F7321-7FB3-4863-BB9D-D32C9F55DDF1}.Ad-Hoc|iPhoneSimulator.Build.0 = Debug|Any CPU
		{012F7321-7FB3-4863-BB9D-D32C9F55DDF1}.AppStore|Any CPU.ActiveCfg = Debug|Any CPU
		{012F7321-7FB3-4863-BB9D-D32C9F55DDF1}.AppStore|Any CPU.Build.0 = Debug|Any CPU
		{012F7321-7FB3-4863-BB9D-D32C9F55DDF1}.AppStore|iPhone.ActiveCfg = Debug|Any CPU
		{012F7321-7FB3-4863-BB9D-D32C9F55DDF1}.AppStore|iPhone.Build.0 = Debug|Any CPU
		{012F7321-7FB3-4863-BB9D-D32C9F55DDF1}.AppStore|iPhoneSimulator.ActiveCfg = Debug|Any CPU
		{012F7321-7FB3-4863-BB9D-D32C9F55DDF1}.AppStore|iPhoneSimulator.Build.0 = Debug|Any CPU
		{012F7321-7FB3-4863-BB9D-D32C9F55DDF1}.Debug|Any CPU.ActiveCfg = Debug|Any CPU
		{012F7321-7FB3-4863-BB9D-D32C9F55DDF1}.Debug|Any CPU.Build.0 = Debug|Any CPU
		{012F7321-7FB3-4863-BB9D-D32C9F55DDF1}.Debug|iPhone.ActiveCfg = Debug|Any CPU
		{012F7321-7FB3-4863-BB9D-D32C9F55DDF1}.Debug|iPhone.Build.0 = Debug|Any CPU
		{012F7321-7FB3-4863-BB9D-D32C9F55DDF1}.Debug|iPhoneSimulator.ActiveCfg = Debug|Any CPU
		{012F7321-7FB3-4863-BB9D-D32C9F55DDF1}.Debug|iPhoneSimulator.Build.0 = Debug|Any CPU
		{012F7321-7FB3-4863-BB9D-D32C9F55DDF1}.Release|Any CPU.ActiveCfg = Release|Any CPU
		{012F7321-7FB3-4863-BB9D-D32C9F55DDF1}.Release|Any CPU.Build.0 = Release|Any CPU
		{012F7321-7FB3-4863-BB9D-D32C9F55DDF1}.Release|iPhone.ActiveCfg = Release|Any CPU
		{012F7321-7FB3-4863-BB9D-D32C9F55DDF1}.Release|iPhone.Build.0 = Release|Any CPU
		{012F7321-7FB3-4863-BB9D-D32C9F55DDF1}.Release|iPhoneSimulator.ActiveCfg = Release|Any CPU
		{012F7321-7FB3-4863-BB9D-D32C9F55DDF1}.Release|iPhoneSimulator.Build.0 = Release|Any CPU
		{81055B26-731B-4AD4-8A13-C5548678A37C}.Ad-Hoc|Any CPU.ActiveCfg = Debug|Any CPU
		{81055B26-731B-4AD4-8A13-C5548678A37C}.Ad-Hoc|Any CPU.Build.0 = Debug|Any CPU
		{81055B26-731B-4AD4-8A13-C5548678A37C}.Ad-Hoc|iPhone.ActiveCfg = Debug|Any CPU
		{81055B26-731B-4AD4-8A13-C5548678A37C}.Ad-Hoc|iPhone.Build.0 = Debug|Any CPU
		{81055B26-731B-4AD4-8A13-C5548678A37C}.Ad-Hoc|iPhoneSimulator.ActiveCfg = Debug|Any CPU
		{81055B26-731B-4AD4-8A13-C5548678A37C}.Ad-Hoc|iPhoneSimulator.Build.0 = Debug|Any CPU
		{81055B26-731B-4AD4-8A13-C5548678A37C}.AppStore|Any CPU.ActiveCfg = Debug|Any CPU
		{81055B26-731B-4AD4-8A13-C5548678A37C}.AppStore|Any CPU.Build.0 = Debug|Any CPU
		{81055B26-731B-4AD4-8A13-C5548678A37C}.AppStore|iPhone.ActiveCfg = Debug|Any CPU
		{81055B26-731B-4AD4-8A13-C5548678A37C}.AppStore|iPhone.Build.0 = Debug|Any CPU
		{81055B26-731B-4AD4-8A13-C5548678A37C}.AppStore|iPhoneSimulator.ActiveCfg = Debug|Any CPU
		{81055B26-731B-4AD4-8A13-C5548678A37C}.AppStore|iPhoneSimulator.Build.0 = Debug|Any CPU
		{81055B26-731B-4AD4-8A13-C5548678A37C}.Debug|Any CPU.ActiveCfg = Debug|Any CPU
		{81055B26-731B-4AD4-8A13-C5548678A37C}.Debug|Any CPU.Build.0 = Debug|Any CPU
		{81055B26-731B-4AD4-8A13-C5548678A37C}.Debug|iPhone.ActiveCfg = Debug|Any CPU
		{81055B26-731B-4AD4-8A13-C5548678A37C}.Debug|iPhone.Build.0 = Debug|Any CPU
		{81055B26-731B-4AD4-8A13-C5548678A37C}.Debug|iPhoneSimulator.ActiveCfg = Debug|Any CPU
		{81055B26-731B-4AD4-8A13-C5548678A37C}.Debug|iPhoneSimulator.Build.0 = Debug|Any CPU
		{81055B26-731B-4AD4-8A13-C5548678A37C}.Release|Any CPU.ActiveCfg = Release|Any CPU
		{81055B26-731B-4AD4-8A13-C5548678A37C}.Release|Any CPU.Build.0 = Release|Any CPU
		{81055B26-731B-4AD4-8A13-C5548678A37C}.Release|iPhone.ActiveCfg = Release|Any CPU
		{81055B26-731B-4AD4-8A13-C5548678A37C}.Release|iPhone.Build.0 = Release|Any CPU
		{81055B26-731B-4AD4-8A13-C5548678A37C}.Release|iPhoneSimulator.ActiveCfg = Release|Any CPU
		{81055B26-731B-4AD4-8A13-C5548678A37C}.Release|iPhoneSimulator.Build.0 = Release|Any CPU
		{A401BB7A-169E-4CE8-8054-91C6D07557B9}.Ad-Hoc|Any CPU.ActiveCfg = Debug|Any CPU
		{A401BB7A-169E-4CE8-8054-91C6D07557B9}.Ad-Hoc|Any CPU.Build.0 = Debug|Any CPU
		{A401BB7A-169E-4CE8-8054-91C6D07557B9}.Ad-Hoc|iPhone.ActiveCfg = Debug|Any CPU
		{A401BB7A-169E-4CE8-8054-91C6D07557B9}.Ad-Hoc|iPhone.Build.0 = Debug|Any CPU
		{A401BB7A-169E-4CE8-8054-91C6D07557B9}.Ad-Hoc|iPhoneSimulator.ActiveCfg = Debug|Any CPU
		{A401BB7A-169E-4CE8-8054-91C6D07557B9}.Ad-Hoc|iPhoneSimulator.Build.0 = Debug|Any CPU
		{A401BB7A-169E-4CE8-8054-91C6D07557B9}.AppStore|Any CPU.ActiveCfg = Debug|Any CPU
		{A401BB7A-169E-4CE8-8054-91C6D07557B9}.AppStore|Any CPU.Build.0 = Debug|Any CPU
		{A401BB7A-169E-4CE8-8054-91C6D07557B9}.AppStore|iPhone.ActiveCfg = Debug|Any CPU
		{A401BB7A-169E-4CE8-8054-91C6D07557B9}.AppStore|iPhone.Build.0 = Debug|Any CPU
		{A401BB7A-169E-4CE8-8054-91C6D07557B9}.AppStore|iPhoneSimulator.ActiveCfg = Debug|Any CPU
		{A401BB7A-169E-4CE8-8054-91C6D07557B9}.AppStore|iPhoneSimulator.Build.0 = Debug|Any CPU
		{A401BB7A-169E-4CE8-8054-91C6D07557B9}.Debug|Any CPU.ActiveCfg = Debug|Any CPU
		{A401BB7A-169E-4CE8-8054-91C6D07557B9}.Debug|Any CPU.Build.0 = Debug|Any CPU
		{A401BB7A-169E-4CE8-8054-91C6D07557B9}.Debug|iPhone.ActiveCfg = Debug|Any CPU
		{A401BB7A-169E-4CE8-8054-91C6D07557B9}.Debug|iPhone.Build.0 = Debug|Any CPU
		{A401BB7A-169E-4CE8-8054-91C6D07557B9}.Debug|iPhoneSimulator.ActiveCfg = Debug|Any CPU
		{A401BB7A-169E-4CE8-8054-91C6D07557B9}.Debug|iPhoneSimulator.Build.0 = Debug|Any CPU
		{A401BB7A-169E-4CE8-8054-91C6D07557B9}.Release|Any CPU.ActiveCfg = Release|Any CPU
		{A401BB7A-169E-4CE8-8054-91C6D07557B9}.Release|Any CPU.Build.0 = Release|Any CPU
		{A401BB7A-169E-4CE8-8054-91C6D07557B9}.Release|iPhone.ActiveCfg = Release|Any CPU
		{A401BB7A-169E-4CE8-8054-91C6D07557B9}.Release|iPhone.Build.0 = Release|Any CPU
		{A401BB7A-169E-4CE8-8054-91C6D07557B9}.Release|iPhoneSimulator.ActiveCfg = Release|Any CPU
		{A401BB7A-169E-4CE8-8054-91C6D07557B9}.Release|iPhoneSimulator.Build.0 = Release|Any CPU
		{6815D604-35C1-4114-AEEA-A82D24DD2CDE}.Ad-Hoc|Any CPU.ActiveCfg = Debug|Any CPU
		{6815D604-35C1-4114-AEEA-A82D24DD2CDE}.Ad-Hoc|Any CPU.Build.0 = Debug|Any CPU
		{6815D604-35C1-4114-AEEA-A82D24DD2CDE}.Ad-Hoc|iPhone.ActiveCfg = Debug|Any CPU
		{6815D604-35C1-4114-AEEA-A82D24DD2CDE}.Ad-Hoc|iPhone.Build.0 = Debug|Any CPU
		{6815D604-35C1-4114-AEEA-A82D24DD2CDE}.Ad-Hoc|iPhoneSimulator.ActiveCfg = Debug|Any CPU
		{6815D604-35C1-4114-AEEA-A82D24DD2CDE}.Ad-Hoc|iPhoneSimulator.Build.0 = Debug|Any CPU
		{6815D604-35C1-4114-AEEA-A82D24DD2CDE}.AppStore|Any CPU.ActiveCfg = Debug|Any CPU
		{6815D604-35C1-4114-AEEA-A82D24DD2CDE}.AppStore|Any CPU.Build.0 = Debug|Any CPU
		{6815D604-35C1-4114-AEEA-A82D24DD2CDE}.AppStore|iPhone.ActiveCfg = Debug|Any CPU
		{6815D604-35C1-4114-AEEA-A82D24DD2CDE}.AppStore|iPhone.Build.0 = Debug|Any CPU
		{6815D604-35C1-4114-AEEA-A82D24DD2CDE}.AppStore|iPhoneSimulator.ActiveCfg = Debug|Any CPU
		{6815D604-35C1-4114-AEEA-A82D24DD2CDE}.AppStore|iPhoneSimulator.Build.0 = Debug|Any CPU
		{6815D604-35C1-4114-AEEA-A82D24DD2CDE}.Debug|Any CPU.ActiveCfg = Debug|Any CPU
		{6815D604-35C1-4114-AEEA-A82D24DD2CDE}.Debug|Any CPU.Build.0 = Debug|Any CPU
		{6815D604-35C1-4114-AEEA-A82D24DD2CDE}.Debug|iPhone.ActiveCfg = Debug|Any CPU
		{6815D604-35C1-4114-AEEA-A82D24DD2CDE}.Debug|iPhone.Build.0 = Debug|Any CPU
		{6815D604-35C1-4114-AEEA-A82D24DD2CDE}.Debug|iPhoneSimulator.ActiveCfg = Debug|Any CPU
		{6815D604-35C1-4114-AEEA-A82D24DD2CDE}.Debug|iPhoneSimulator.Build.0 = Debug|Any CPU
		{6815D604-35C1-4114-AEEA-A82D24DD2CDE}.Release|Any CPU.ActiveCfg = Release|Any CPU
		{6815D604-35C1-4114-AEEA-A82D24DD2CDE}.Release|Any CPU.Build.0 = Release|Any CPU
		{6815D604-35C1-4114-AEEA-A82D24DD2CDE}.Release|iPhone.ActiveCfg = Release|Any CPU
		{6815D604-35C1-4114-AEEA-A82D24DD2CDE}.Release|iPhone.Build.0 = Release|Any CPU
		{6815D604-35C1-4114-AEEA-A82D24DD2CDE}.Release|iPhoneSimulator.ActiveCfg = Release|Any CPU
		{6815D604-35C1-4114-AEEA-A82D24DD2CDE}.Release|iPhoneSimulator.Build.0 = Release|Any CPU
		{C962E5E3-D830-4DBF-8891-03692122E956}.Ad-Hoc|Any CPU.ActiveCfg = Release|Any CPU
		{C962E5E3-D830-4DBF-8891-03692122E956}.Ad-Hoc|Any CPU.Build.0 = Release|Any CPU
		{C962E5E3-D830-4DBF-8891-03692122E956}.Ad-Hoc|Any CPU.Deploy.0 = Release|Any CPU
		{C962E5E3-D830-4DBF-8891-03692122E956}.Ad-Hoc|iPhone.ActiveCfg = Release|Any CPU
		{C962E5E3-D830-4DBF-8891-03692122E956}.Ad-Hoc|iPhone.Build.0 = Release|Any CPU
		{C962E5E3-D830-4DBF-8891-03692122E956}.Ad-Hoc|iPhone.Deploy.0 = Release|Any CPU
		{C962E5E3-D830-4DBF-8891-03692122E956}.Ad-Hoc|iPhoneSimulator.ActiveCfg = Release|Any CPU
		{C962E5E3-D830-4DBF-8891-03692122E956}.Ad-Hoc|iPhoneSimulator.Build.0 = Release|Any CPU
		{C962E5E3-D830-4DBF-8891-03692122E956}.Ad-Hoc|iPhoneSimulator.Deploy.0 = Release|Any CPU
		{C962E5E3-D830-4DBF-8891-03692122E956}.AppStore|Any CPU.ActiveCfg = Release|Any CPU
		{C962E5E3-D830-4DBF-8891-03692122E956}.AppStore|Any CPU.Build.0 = Release|Any CPU
		{C962E5E3-D830-4DBF-8891-03692122E956}.AppStore|Any CPU.Deploy.0 = Release|Any CPU
		{C962E5E3-D830-4DBF-8891-03692122E956}.AppStore|iPhone.ActiveCfg = Release|Any CPU
		{C962E5E3-D830-4DBF-8891-03692122E956}.AppStore|iPhone.Build.0 = Release|Any CPU
		{C962E5E3-D830-4DBF-8891-03692122E956}.AppStore|iPhone.Deploy.0 = Release|Any CPU
		{C962E5E3-D830-4DBF-8891-03692122E956}.AppStore|iPhoneSimulator.ActiveCfg = Release|Any CPU
		{C962E5E3-D830-4DBF-8891-03692122E956}.AppStore|iPhoneSimulator.Build.0 = Release|Any CPU
		{C962E5E3-D830-4DBF-8891-03692122E956}.AppStore|iPhoneSimulator.Deploy.0 = Release|Any CPU
		{C962E5E3-D830-4DBF-8891-03692122E956}.Debug|Any CPU.ActiveCfg = Debug|Any CPU
		{C962E5E3-D830-4DBF-8891-03692122E956}.Debug|Any CPU.Build.0 = Debug|Any CPU
		{C962E5E3-D830-4DBF-8891-03692122E956}.Debug|Any CPU.Deploy.0 = Debug|Any CPU
		{C962E5E3-D830-4DBF-8891-03692122E956}.Debug|iPhone.ActiveCfg = Debug|Any CPU
		{C962E5E3-D830-4DBF-8891-03692122E956}.Debug|iPhone.Build.0 = Debug|Any CPU
		{C962E5E3-D830-4DBF-8891-03692122E956}.Debug|iPhone.Deploy.0 = Debug|Any CPU
		{C962E5E3-D830-4DBF-8891-03692122E956}.Debug|iPhoneSimulator.ActiveCfg = Debug|Any CPU
		{C962E5E3-D830-4DBF-8891-03692122E956}.Debug|iPhoneSimulator.Build.0 = Debug|Any CPU
		{C962E5E3-D830-4DBF-8891-03692122E956}.Debug|iPhoneSimulator.Deploy.0 = Debug|Any CPU
		{C962E5E3-D830-4DBF-8891-03692122E956}.Release|Any CPU.ActiveCfg = Release|Any CPU
		{C962E5E3-D830-4DBF-8891-03692122E956}.Release|Any CPU.Build.0 = Release|Any CPU
		{C962E5E3-D830-4DBF-8891-03692122E956}.Release|Any CPU.Deploy.0 = Release|Any CPU
		{C962E5E3-D830-4DBF-8891-03692122E956}.Release|iPhone.ActiveCfg = Release|Any CPU
		{C962E5E3-D830-4DBF-8891-03692122E956}.Release|iPhone.Build.0 = Release|Any CPU
		{C962E5E3-D830-4DBF-8891-03692122E956}.Release|iPhone.Deploy.0 = Release|Any CPU
		{C962E5E3-D830-4DBF-8891-03692122E956}.Release|iPhoneSimulator.ActiveCfg = Release|Any CPU
		{C962E5E3-D830-4DBF-8891-03692122E956}.Release|iPhoneSimulator.Build.0 = Release|Any CPU
		{C962E5E3-D830-4DBF-8891-03692122E956}.Release|iPhoneSimulator.Deploy.0 = Release|Any CPU
		{948E2013-4A90-4D6F-B744-609BF4015397}.Ad-Hoc|Any CPU.ActiveCfg = Ad-Hoc|iPhone
		{948E2013-4A90-4D6F-B744-609BF4015397}.Ad-Hoc|iPhone.ActiveCfg = Ad-Hoc|iPhone
		{948E2013-4A90-4D6F-B744-609BF4015397}.Ad-Hoc|iPhone.Build.0 = Ad-Hoc|iPhone
		{948E2013-4A90-4D6F-B744-609BF4015397}.Ad-Hoc|iPhoneSimulator.ActiveCfg = Ad-Hoc|iPhoneSimulator
		{948E2013-4A90-4D6F-B744-609BF4015397}.Ad-Hoc|iPhoneSimulator.Build.0 = Ad-Hoc|iPhoneSimulator
		{948E2013-4A90-4D6F-B744-609BF4015397}.AppStore|Any CPU.ActiveCfg = AppStore|iPhone
		{948E2013-4A90-4D6F-B744-609BF4015397}.AppStore|iPhone.ActiveCfg = AppStore|iPhone
		{948E2013-4A90-4D6F-B744-609BF4015397}.AppStore|iPhone.Build.0 = AppStore|iPhone
		{948E2013-4A90-4D6F-B744-609BF4015397}.AppStore|iPhoneSimulator.ActiveCfg = AppStore|iPhoneSimulator
		{948E2013-4A90-4D6F-B744-609BF4015397}.AppStore|iPhoneSimulator.Build.0 = AppStore|iPhoneSimulator
		{948E2013-4A90-4D6F-B744-609BF4015397}.Debug|Any CPU.ActiveCfg = Debug|iPhone
		{948E2013-4A90-4D6F-B744-609BF4015397}.Debug|iPhone.ActiveCfg = Debug|iPhone
		{948E2013-4A90-4D6F-B744-609BF4015397}.Debug|iPhone.Build.0 = Debug|iPhone
		{948E2013-4A90-4D6F-B744-609BF4015397}.Debug|iPhoneSimulator.ActiveCfg = Debug|iPhoneSimulator
		{948E2013-4A90-4D6F-B744-609BF4015397}.Debug|iPhoneSimulator.Build.0 = Debug|iPhoneSimulator
		{948E2013-4A90-4D6F-B744-609BF4015397}.Release|Any CPU.ActiveCfg = Release|iPhone
		{948E2013-4A90-4D6F-B744-609BF4015397}.Release|iPhone.ActiveCfg = Release|iPhone
		{948E2013-4A90-4D6F-B744-609BF4015397}.Release|iPhone.Build.0 = Release|iPhone
		{948E2013-4A90-4D6F-B744-609BF4015397}.Release|iPhoneSimulator.ActiveCfg = Release|iPhoneSimulator
		{948E2013-4A90-4D6F-B744-609BF4015397}.Release|iPhoneSimulator.Build.0 = Release|iPhoneSimulator
		{E66061B4-0914-496D-B5CE-34D13B317B2C}.Ad-Hoc|Any CPU.ActiveCfg = Debug|Any CPU
		{E66061B4-0914-496D-B5CE-34D13B317B2C}.Ad-Hoc|Any CPU.Build.0 = Debug|Any CPU
		{E66061B4-0914-496D-B5CE-34D13B317B2C}.Ad-Hoc|iPhone.ActiveCfg = Debug|Any CPU
		{E66061B4-0914-496D-B5CE-34D13B317B2C}.Ad-Hoc|iPhone.Build.0 = Debug|Any CPU
		{E66061B4-0914-496D-B5CE-34D13B317B2C}.Ad-Hoc|iPhoneSimulator.ActiveCfg = Debug|Any CPU
		{E66061B4-0914-496D-B5CE-34D13B317B2C}.Ad-Hoc|iPhoneSimulator.Build.0 = Debug|Any CPU
		{E66061B4-0914-496D-B5CE-34D13B317B2C}.AppStore|Any CPU.ActiveCfg = Debug|Any CPU
		{E66061B4-0914-496D-B5CE-34D13B317B2C}.AppStore|Any CPU.Build.0 = Debug|Any CPU
		{E66061B4-0914-496D-B5CE-34D13B317B2C}.AppStore|iPhone.ActiveCfg = Debug|Any CPU
		{E66061B4-0914-496D-B5CE-34D13B317B2C}.AppStore|iPhone.Build.0 = Debug|Any CPU
		{E66061B4-0914-496D-B5CE-34D13B317B2C}.AppStore|iPhoneSimulator.ActiveCfg = Debug|Any CPU
		{E66061B4-0914-496D-B5CE-34D13B317B2C}.AppStore|iPhoneSimulator.Build.0 = Debug|Any CPU
		{E66061B4-0914-496D-B5CE-34D13B317B2C}.Debug|Any CPU.ActiveCfg = Debug|Any CPU
		{E66061B4-0914-496D-B5CE-34D13B317B2C}.Debug|Any CPU.Build.0 = Debug|Any CPU
		{E66061B4-0914-496D-B5CE-34D13B317B2C}.Debug|iPhone.ActiveCfg = Debug|Any CPU
		{E66061B4-0914-496D-B5CE-34D13B317B2C}.Debug|iPhone.Build.0 = Debug|Any CPU
		{E66061B4-0914-496D-B5CE-34D13B317B2C}.Debug|iPhoneSimulator.ActiveCfg = Debug|Any CPU
		{E66061B4-0914-496D-B5CE-34D13B317B2C}.Debug|iPhoneSimulator.Build.0 = Debug|Any CPU
		{E66061B4-0914-496D-B5CE-34D13B317B2C}.Release|Any CPU.ActiveCfg = Release|Any CPU
		{E66061B4-0914-496D-B5CE-34D13B317B2C}.Release|Any CPU.Build.0 = Release|Any CPU
		{E66061B4-0914-496D-B5CE-34D13B317B2C}.Release|iPhone.ActiveCfg = Release|Any CPU
		{E66061B4-0914-496D-B5CE-34D13B317B2C}.Release|iPhone.Build.0 = Release|Any CPU
		{E66061B4-0914-496D-B5CE-34D13B317B2C}.Release|iPhoneSimulator.ActiveCfg = Release|Any CPU
		{E66061B4-0914-496D-B5CE-34D13B317B2C}.Release|iPhoneSimulator.Build.0 = Release|Any CPU
		{59B283EF-5946-48EA-80C2-DE432EDABA4E}.Ad-Hoc|Any CPU.ActiveCfg = Debug|Any CPU
		{59B283EF-5946-48EA-80C2-DE432EDABA4E}.Ad-Hoc|Any CPU.Build.0 = Debug|Any CPU
		{59B283EF-5946-48EA-80C2-DE432EDABA4E}.Ad-Hoc|iPhone.ActiveCfg = Debug|Any CPU
		{59B283EF-5946-48EA-80C2-DE432EDABA4E}.Ad-Hoc|iPhone.Build.0 = Debug|Any CPU
		{59B283EF-5946-48EA-80C2-DE432EDABA4E}.Ad-Hoc|iPhoneSimulator.ActiveCfg = Debug|Any CPU
		{59B283EF-5946-48EA-80C2-DE432EDABA4E}.Ad-Hoc|iPhoneSimulator.Build.0 = Debug|Any CPU
		{59B283EF-5946-48EA-80C2-DE432EDABA4E}.AppStore|Any CPU.ActiveCfg = Debug|Any CPU
		{59B283EF-5946-48EA-80C2-DE432EDABA4E}.AppStore|Any CPU.Build.0 = Debug|Any CPU
		{59B283EF-5946-48EA-80C2-DE432EDABA4E}.AppStore|iPhone.ActiveCfg = Debug|Any CPU
		{59B283EF-5946-48EA-80C2-DE432EDABA4E}.AppStore|iPhone.Build.0 = Debug|Any CPU
		{59B283EF-5946-48EA-80C2-DE432EDABA4E}.AppStore|iPhoneSimulator.ActiveCfg = Debug|Any CPU
		{59B283EF-5946-48EA-80C2-DE432EDABA4E}.AppStore|iPhoneSimulator.Build.0 = Debug|Any CPU
		{59B283EF-5946-48EA-80C2-DE432EDABA4E}.Debug|Any CPU.ActiveCfg = Debug|Any CPU
		{59B283EF-5946-48EA-80C2-DE432EDABA4E}.Debug|Any CPU.Build.0 = Debug|Any CPU
		{59B283EF-5946-48EA-80C2-DE432EDABA4E}.Debug|iPhone.ActiveCfg = Debug|Any CPU
		{59B283EF-5946-48EA-80C2-DE432EDABA4E}.Debug|iPhone.Build.0 = Debug|Any CPU
		{59B283EF-5946-48EA-80C2-DE432EDABA4E}.Debug|iPhoneSimulator.ActiveCfg = Debug|Any CPU
		{59B283EF-5946-48EA-80C2-DE432EDABA4E}.Debug|iPhoneSimulator.Build.0 = Debug|Any CPU
		{59B283EF-5946-48EA-80C2-DE432EDABA4E}.Release|Any CPU.ActiveCfg = Release|Any CPU
		{59B283EF-5946-48EA-80C2-DE432EDABA4E}.Release|Any CPU.Build.0 = Release|Any CPU
		{59B283EF-5946-48EA-80C2-DE432EDABA4E}.Release|iPhone.ActiveCfg = Release|Any CPU
		{59B283EF-5946-48EA-80C2-DE432EDABA4E}.Release|iPhone.Build.0 = Release|Any CPU
		{59B283EF-5946-48EA-80C2-DE432EDABA4E}.Release|iPhoneSimulator.ActiveCfg = Release|Any CPU
		{59B283EF-5946-48EA-80C2-DE432EDABA4E}.Release|iPhoneSimulator.Build.0 = Release|Any CPU
	EndGlobalSection
	GlobalSection(SolutionProperties) = preSolution
		HideSolutionNode = FALSE
	EndGlobalSection
	GlobalSection(NestedProjects) = preSolution
		{C962E5E3-D830-4DBF-8891-03692122E956} = {D742E33A-EBD3-4687-930A-32CCDAA90CF9}
		{948E2013-4A90-4D6F-B744-609BF4015397} = {D742E33A-EBD3-4687-930A-32CCDAA90CF9}
		{E66061B4-0914-496D-B5CE-34D13B317B2C} = {D742E33A-EBD3-4687-930A-32CCDAA90CF9}
		{59B283EF-5946-48EA-80C2-DE432EDABA4E} = {D742E33A-EBD3-4687-930A-32CCDAA90CF9}
	EndGlobalSection
	GlobalSection(ExtensibilityGlobals) = postSolution
		SolutionGuid = {0CC2CA7A-4716-4E1E-80DE-BC46A31E969B}
	EndGlobalSection
EndGlobal
